
Microsoft Visual Studio Solution File, Format Version 12.00
# Visual Studio Version 17
VisualStudioVersion = 17.4.33103.184
MinimumVisualStudioVersion = 10.0.40219.1
Project("{FAE04EC0-301F-11D3-BF4B-00C04F79EFBC}") = "vzlom_rsa", "vzlom_rsa.csproj", "{FD13F871-144E-4AE7-8AB8-82E1AA24BEF2}"
EndProject
Global
	GlobalSection(SolutionConfigurationPlatforms) = preSolution
		Debug|Any CPU = Debug|Any CPU
		Release|Any CPU = Release|Any CPU
	EndGlobalSection
	GlobalSection(ProjectConfigurationPlatforms) = postSolution
		{FD13F871-144E-4AE7-8AB8-82E1AA24BEF2}.Debug|Any CPU.ActiveCfg = Debug|Any CPU
		{FD13F871-144E-4AE7-8AB8-82E1AA24BEF2}.Debug|Any CPU.Build.0 = Debug|Any CPU
		{FD13F871-144E-4AE7-8AB8-82E1AA24BEF2}.Release|Any CPU.ActiveCfg = Release|Any CPU
		{FD13F871-144E-4AE7-8AB8-82E1AA24BEF2}.Release|Any CPU.Build.0 = Release|Any CPU
	EndGlobalSection
	GlobalSection(SolutionProperties) = preSolution
		HideSolutionNode = FALSE
	EndGlobalSection
	GlobalSection(ExtensibilityGlobals) = postSolution
		SolutionGuid = {5ED21860-8523-4359-A2C6-AD3E5EB3E2F4}
	EndGlobalSection
EndGlobal
